// !$*UTF8*$!
{
	archiveVersion = 1;
	classes = {
	};
	objectVersion = 50;
	objects = {

/* Begin PBXBuildFile section */
		F1F5E2AA24161EDA008C2D93 /* AppDelegate.m in Sources */ = {isa = PBXBuildFile; fileRef = F1F5E2A924161EDA008C2D93 /* AppDelegate.m */; };
		F1F5E2AD24161EDA008C2D93 /* SceneDelegate.m in Sources */ = {isa = PBXBuildFile; fileRef = F1F5E2AC24161EDA008C2D93 /* SceneDelegate.m */; };
		F1F5E2B024161EDA008C2D93 /* ViewController.m in Sources */ = {isa = PBXBuildFile; fileRef = F1F5E2AF24161EDA008C2D93 /* ViewController.m */; };
		F1F5E2B324161EDA008C2D93 /* Main.storyboard in Resources */ = {isa = PBXBuildFile; fileRef = F1F5E2B124161EDA008C2D93 /* Main.storyboard */; };
		F1F5E2B524161EEB008C2D93 /* Assets.xcassets in Resources */ = {isa = PBXBuildFile; fileRef = F1F5E2B424161EEB008C2D93 /* Assets.xcassets */; };
		F1F5E2B824161EEB008C2D93 /* LaunchScreen.storyboard in Resources */ = {isa = PBXBuildFile; fileRef = F1F5E2B624161EEB008C2D93 /* LaunchScreen.storyboard */; };
		F1F5E2BB24161EEB008C2D93 /* main.m in Sources */ = {isa = PBXBuildFile; fileRef = F1F5E2BA24161EEB008C2D93 /* main.m */; };
		F1F5E2C524161EEB008C2D93 /* MediaMagicDemoProjectTests.m in Sources */ = {isa = PBXBuildFile; fileRef = F1F5E2C424161EEB008C2D93 /* MediaMagicDemoProjectTests.m */; };
		F1F5E2D024161EEB008C2D93 /* MediaMagicDemoProjectUITests.m in Sources */ = {isa = PBXBuildFile; fileRef = F1F5E2CF24161EEB008C2D93 /* MediaMagicDemoProjectUITests.m */; };
		F1F5E2DF241621CC008C2D93 /* CollectionViewCell.m in Sources */ = {isa = PBXBuildFile; fileRef = F1F5E2DE241621CC008C2D93 /* CollectionViewCell.m */; };
/* End PBXBuildFile section */

/* Begin PBXContainerItemProxy section */
		F1F5E2C124161EEB008C2D93 /* PBXContainerItemProxy */ = {
			isa = PBXContainerItemProxy;
			containerPortal = F1F5E29D24161ED9008C2D93 /* Project object */;
			proxyType = 1;
			remoteGlobalIDString = F1F5E2A424161EDA008C2D93;
			remoteInfo = MediaMagicDemoProject;
		};
		F1F5E2CC24161EEB008C2D93 /* PBXContainerItemProxy */ = {
			isa = PBXContainerItemProxy;
			containerPortal = F1F5E29D24161ED9008C2D93 /* Project object */;
			proxyType = 1;
			remoteGlobalIDString = F1F5E2A424161EDA008C2D93;
			remoteInfo = MediaMagicDemoProject;
		};
/* End PBXContainerItemProxy section */

/* Begin PBXFileReference section */
		F1F5E2A524161EDA008C2D93 /* MediaMagicDemoProject.app */ = {isa = PBXFileReference; explicitFileType = wrapper.application; includeInIndex = 0; path = MediaMagicDemoProject.app; sourceTree = BUILT_PRODUCTS_DIR; };
		F1F5E2A824161EDA008C2D93 /* AppDelegate.h */ = {isa = PBXFileReference; lastKnownFileType = sourcecode.c.h; path = AppDelegate.h; sourceTree = "<group>"; };
		F1F5E2A924161EDA008C2D93 /* AppDelegate.m */ = {isa = PBXFileReference; lastKnownFileType = sourcecode.c.objc; path = AppDelegate.m; sourceTree = "<group>"; };
		F1F5E2AB24161EDA008C2D93 /* SceneDelegate.h */ = {isa = PBXFileReference; lastKnownFileType = sourcecode.c.h; path = SceneDelegate.h; sourceTree = "<group>"; };
		F1F5E2AC24161EDA008C2D93 /* SceneDelegate.m */ = {isa = PBXFileReference; lastKnownFileType = sourcecode.c.objc; path = SceneDelegate.m; sourceTree = "<group>"; };
		F1F5E2AE24161EDA008C2D93 /* ViewController.h */ = {isa = PBXFileReference; lastKnownFileType = sourcecode.c.h; path = ViewController.h; sourceTree = "<group>"; };
		F1F5E2AF24161EDA008C2D93 /* ViewController.m */ = {isa = PBXFileReference; lastKnownFileType = sourcecode.c.objc; path = ViewController.m; sourceTree = "<group>"; };
		F1F5E2B224161EDA008C2D93 /* Base */ = {isa = PBXFileReference; lastKnownFileType = file.storyboard; name = Base; path = Base.lproj/Main.storyboard; sourceTree = "<group>"; };
		F1F5E2B424161EEB008C2D93 /* Assets.xcassets */ = {isa = PBXFileReference; lastKnownFileType = folder.assetcatalog; path = Assets.xcassets; sourceTree = "<group>"; };
		F1F5E2B724161EEB008C2D93 /* Base */ = {isa = PBXFileReference; lastKnownFileType = file.storyboard; name = Base; path = Base.lproj/LaunchScreen.storyboard; sourceTree = "<group>"; };
		F1F5E2B924161EEB008C2D93 /* Info.plist */ = {isa = PBXFileReference; lastKnownFileType = text.plist.xml; path = Info.plist; sourceTree = "<group>"; };
		F1F5E2BA24161EEB008C2D93 /* main.m */ = {isa = PBXFileReference; lastKnownFileType = sourcecode.c.objc; path = main.m; sourceTree = "<group>"; };
		F1F5E2C024161EEB008C2D93 /* MediaMagicDemoProjectTests.xctest */ = {isa = PBXFileReference; explicitFileType = wrapper.cfbundle; includeInIndex = 0; path = MediaMagicDemoProjectTests.xctest; sourceTree = BUILT_PRODUCTS_DIR; };
		F1F5E2C424161EEB008C2D93 /* MediaMagicDemoProjectTests.m */ = {isa = PBXFileReference; lastKnownFileType = sourcecode.c.objc; path = MediaMagicDemoProjectTests.m; sourceTree = "<group>"; };
		F1F5E2C624161EEB008C2D93 /* Info.plist */ = {isa = PBXFileReference; lastKnownFileType = text.plist.xml; path = Info.plist; sourceTree = "<group>"; };
		F1F5E2CB24161EEB008C2D93 /* MediaMagicDemoProjectUITests.xctest */ = {isa = PBXFileReference; explicitFileType = wrapper.cfbundle; includeInIndex = 0; path = MediaMagicDemoProjectUITests.xctest; sourceTree = BUILT_PRODUCTS_DIR; };
		F1F5E2CF24161EEB008C2D93 /* MediaMagicDemoProjectUITests.m */ = {isa = PBXFileReference; lastKnownFileType = sourcecode.c.objc; path = MediaMagicDemoProjectUITests.m; sourceTree = "<group>"; };
		F1F5E2D124161EEB008C2D93 /* Info.plist */ = {isa = PBXFileReference; lastKnownFileType = text.plist.xml; path = Info.plist; sourceTree = "<group>"; };
		F1F5E2DD241621CC008C2D93 /* CollectionViewCell.h */ = {isa = PBXFileReference; lastKnownFileType = sourcecode.c.h; path = CollectionViewCell.h; sourceTree = "<group>"; };
		F1F5E2DE241621CC008C2D93 /* CollectionViewCell.m */ = {isa = PBXFileReference; lastKnownFileType = sourcecode.c.objc; path = CollectionViewCell.m; sourceTree = "<group>"; };
/* End PBXFileReference section */

/* Begin PBXFrameworksBuildPhase section */
		F1F5E2A224161EDA008C2D93 /* Frameworks */ = {
			isa = PBXFrameworksBuildPhase;
			buildActionMask = 2147483647;
			files = (
			);
			runOnlyForDeploymentPostprocessing = 0;
		};
		F1F5E2BD24161EEB008C2D93 /* Frameworks */ = {
			isa = PBXFrameworksBuildPhase;
			buildActionMask = 2147483647;
			files = (
			);
			runOnlyForDeploymentPostprocessing = 0;
		};
		F1F5E2C824161EEB008C2D93 /* Frameworks */ = {
			isa = PBXFrameworksBuildPhase;
			buildActionMask = 2147483647;
			files = (
			);
			runOnlyForDeploymentPostprocessing = 0;
		};
/* End PBXFrameworksBuildPhase section */

/* Begin PBXGroup section */
		F1F5E29C24161ED9008C2D93 = {
			isa = PBXGroup;
			children = (
				F1F5E2A724161EDA008C2D93 /* MediaMagicDemoProject */,
				F1F5E2C324161EEB008C2D93 /* MediaMagicDemoProjectTests */,
				F1F5E2CE24161EEB008C2D93 /* MediaMagicDemoProjectUITests */,
				F1F5E2A624161EDA008C2D93 /* Products */,
			);
			sourceTree = "<group>";
		};
		F1F5E2A624161EDA008C2D93 /* Products */ = {
			isa = PBXGroup;
			children = (
				F1F5E2A524161EDA008C2D93 /* MediaMagicDemoProject.app */,
				F1F5E2C024161EEB008C2D93 /* MediaMagicDemoProjectTests.xctest */,
				F1F5E2CB24161EEB008C2D93 /* MediaMagicDemoProjectUITests.xctest */,
			);
			name = Products;
			sourceTree = "<group>";
		};
		F1F5E2A724161EDA008C2D93 /* MediaMagicDemoProject */ = {
			isa = PBXGroup;
			children = (
				F1F5E2A824161EDA008C2D93 /* AppDelegate.h */,
				F1F5E2A924161EDA008C2D93 /* AppDelegate.m */,
				F1F5E2AB24161EDA008C2D93 /* SceneDelegate.h */,
				F1F5E2AC24161EDA008C2D93 /* SceneDelegate.m */,
				F1F5E2AE24161EDA008C2D93 /* ViewController.h */,
				F1F5E2AF24161EDA008C2D93 /* ViewController.m */,
				F1F5E2B124161EDA008C2D93 /* Main.storyboard */,
				F1F5E2B424161EEB008C2D93 /* Assets.xcassets */,
				F1F5E2B624161EEB008C2D93 /* LaunchScreen.storyboard */,
				F1F5E2B924161EEB008C2D93 /* Info.plist */,
				F1F5E2BA24161EEB008C2D93 /* main.m */,
				F1F5E2DD241621CC008C2D93 /* CollectionViewCell.h */,
				F1F5E2DE241621CC008C2D93 /* CollectionViewCell.m */,
			);
			path = MediaMagicDemoProject;
			sourceTree = "<group>";
		};
		F1F5E2C324161EEB008C2D93 /* MediaMagicDemoProjectTests */ = {
			isa = PBXGroup;
			children = (
				F1F5E2C424161EEB008C2D93 /* MediaMagicDemoProjectTests.m */,
				F1F5E2C624161EEB008C2D93 /* Info.plist */,
			);
			path = MediaMagicDemoProjectTests;
			sourceTree = "<group>";
		};
		F1F5E2CE24161EEB008C2D93 /* MediaMagicDemoProjectUITests */ = {
			isa = PBXGroup;
			children = (
				F1F5E2CF24161EEB008C2D93 /* MediaMagicDemoProjectUITests.m */,
				F1F5E2D124161EEB008C2D93 /* Info.plist */,
			);
			path = MediaMagicDemoProjectUITests;
			sourceTree = "<group>";
		};
/* End PBXGroup section */

/* Begin PBXNativeTarget section */
		F1F5E2A424161EDA008C2D93 /* MediaMagicDemoProject */ = {
			isa = PBXNativeTarget;
			buildConfigurationList = F1F5E2D424161EEB008C2D93 /* Build configuration list for PBXNativeTarget "MediaMagicDemoProject" */;
			buildPhases = (
				F1F5E2A124161EDA008C2D93 /* Sources */,
				F1F5E2A224161EDA008C2D93 /* Frameworks */,
				F1F5E2A324161EDA008C2D93 /* Resources */,
			);
			buildRules = (
			);
			dependencies = (
			);
			name = MediaMagicDemoProject;
			productName = MediaMagicDemoProject;
			productReference = F1F5E2A524161EDA008C2D93 /* MediaMagicDemoProject.app */;
			productType = "com.apple.product-type.application";
		};
		F1F5E2BF24161EEB008C2D93 /* MediaMagicDemoProjectTests */ = {
			isa = PBXNativeTarget;
			buildConfigurationList = F1F5E2D724161EEB008C2D93 /* Build configuration list for PBXNativeTarget "MediaMagicDemoProjectTests" */;
			buildPhases = (
				F1F5E2BC24161EEB008C2D93 /* Sources */,
				F1F5E2BD24161EEB008C2D93 /* Frameworks */,
				F1F5E2BE24161EEB008C2D93 /* Resources */,
			);
			buildRules = (
			);
			dependencies = (
				F1F5E2C224161EEB008C2D93 /* PBXTargetDependency */,
			);
			name = MediaMagicDemoProjectTests;
			productName = MediaMagicDemoProjectTests;
			productReference = F1F5E2C024161EEB008C2D93 /* MediaMagicDemoProjectTests.xctest */;
			productType = "com.apple.product-type.bundle.unit-test";
		};
		F1F5E2CA24161EEB008C2D93 /* MediaMagicDemoProjectUITests */ = {
			isa = PBXNativeTarget;
			buildConfigurationList = F1F5E2DA24161EEB008C2D93 /* Build configuration list for PBXNativeTarget "MediaMagicDemoProjectUITests" */;
			buildPhases = (
				F1F5E2C724161EEB008C2D93 /* Sources */,
				F1F5E2C824161EEB008C2D93 /* Frameworks */,
				F1F5E2C924161EEB008C2D93 /* Resources */,
			);
			buildRules = (
			);
			dependencies = (
				F1F5E2CD24161EEB008C2D93 /* PBXTargetDependency */,
			);
			name = MediaMagicDemoProjectUITests;
			productName = MediaMagicDemoProjectUITests;
			productReference = F1F5E2CB24161EEB008C2D93 /* MediaMagicDemoProjectUITests.xctest */;
			productType = "com.apple.product-type.bundle.ui-testing";
		};
/* End PBXNativeTarget section */

/* Begin PBXProject section */
		F1F5E29D24161ED9008C2D93 /* Project object */ = {
			isa = PBXProject;
			attributes = {
				LastUpgradeCheck = 1130;
				ORGANIZATIONNAME = Project;
				TargetAttributes = {
					F1F5E2A424161EDA008C2D93 = {
						CreatedOnToolsVersion = 11.3;
					};
					F1F5E2BF24161EEB008C2D93 = {
						CreatedOnToolsVersion = 11.3;
						TestTargetID = F1F5E2A424161EDA008C2D93;
					};
					F1F5E2CA24161EEB008C2D93 = {
						CreatedOnToolsVersion = 11.3;
						TestTargetID = F1F5E2A424161EDA008C2D93;
					};
				};
			};
			buildConfigurationList = F1F5E2A024161ED9008C2D93 /* Build configuration list for PBXProject "MediaMagicDemoProject" */;
			compatibilityVersion = "Xcode 9.3";
			developmentRegion = en;
			hasScannedForEncodings = 0;
			knownRegions = (
				en,
				Base,
			);
			mainGroup = F1F5E29C24161ED9008C2D93;
			productRefGroup = F1F5E2A624161EDA008C2D93 /* Products */;
			projectDirPath = "";
			projectRoot = "";
			targets = (
				F1F5E2A424161EDA008C2D93 /* MediaMagicDemoProject */,
				F1F5E2BF24161EEB008C2D93 /* MediaMagicDemoProjectTests */,
				F1F5E2CA24161EEB008C2D93 /* MediaMagicDemoProjectUITests */,
			);
		};
/* End PBXProject section */

/* Begin PBXResourcesBuildPhase section */
		F1F5E2A324161EDA008C2D93 /* Resources */ = {
			isa = PBXResourcesBuildPhase;
			buildActionMask = 2147483647;
			files = (
				F1F5E2B824161EEB008C2D93 /* LaunchScreen.storyboard in Resources */,
				F1F5E2B524161EEB008C2D93 /* Assets.xcassets in Resources */,
				F1F5E2B324161EDA008C2D93 /* Main.storyboard in Resources */,
			);
			runOnlyForDeploymentPostprocessing = 0;
		};
		F1F5E2BE24161EEB008C2D93 /* Resources */ = {
			isa = PBXResourcesBuildPhase;
			buildActionMask = 2147483647;
			files = (
			);
			runOnlyForDeploymentPostprocessing = 0;
		};
		F1F5E2C924161EEB008C2D93 /* Resources */ = {
			isa = PBXResourcesBuildPhase;
			buildActionMask = 2147483647;
			files = (
			);
			runOnlyForDeploymentPostprocessing = 0;
		};
/* End PBXResourcesBuildPhase section */

/* Begin PBXSourcesBuildPhase section */
		F1F5E2A124161EDA008C2D93 /* Sources */ = {
			isa = PBXSourcesBuildPhase;
			buildActionMask = 2147483647;
			files = (
				F1F5E2B024161EDA008C2D93 /* ViewController.m in Sources */,
				F1F5E2DF241621CC008C2D93 /* CollectionViewCell.m in Sources */,
				F1F5E2AA24161EDA008C2D93 /* AppDelegate.m in Sources */,
				F1F5E2BB24161EEB008C2D93 /* main.m in Sources */,
				F1F5E2AD24161EDA008C2D93 /* SceneDelegate.m in Sources */,
			);
			runOnlyForDeploymentPostprocessing = 0;
		};
		F1F5E2BC24161EEB008C2D93 /* Sources */ = {
			isa = PBXSourcesBuildPhase;
			buildActionMask = 2147483647;
			files = (
				F1F5E2C524161EEB008C2D93 /* MediaMagicDemoProjectTests.m in Sources */,
			);
			runOnlyForDeploymentPostprocessing = 0;
		};
		F1F5E2C724161EEB008C2D93 /* Sources */ = {
			isa = PBXSourcesBuildPhase;
			buildActionMask = 2147483647;
			files = (
				F1F5E2D024161EEB008C2D93 /* MediaMagicDemoProjectUITests.m in Sources */,
			);
			runOnlyForDeploymentPostprocessing = 0;
		};
/* End PBXSourcesBuildPhase section */

/* Begin PBXTargetDependency section */
		F1F5E2C224161EEB008C2D93 /* PBXTargetDependency */ = {
			isa = PBXTargetDependency;
			target = F1F5E2A424161EDA008C2D93 /* MediaMagicDemoProject */;
			targetProxy = F1F5E2C124161EEB008C2D93 /* PBXContainerItemProxy */;
		};
		F1F5E2CD24161EEB008C2D93 /* PBXTargetDependency */ = {
			isa = PBXTargetDependency;
			target = F1F5E2A424161EDA008C2D93 /* MediaMagicDemoProject */;
			targetProxy = F1F5E2CC24161EEB008C2D93 /* PBXContainerItemProxy */;
		};
/* End PBXTargetDependency section */

/* Begin PBXVariantGroup section */
		F1F5E2B124161EDA008C2D93 /* Main.storyboard */ = {
			isa = PBXVariantGroup;
			children = (
				F1F5E2B224161EDA008C2D93 /* Base */,
			);
			name = Main.storyboard;
			sourceTree = "<group>";
		};
		F1F5E2B624161EEB008C2D93 /* LaunchScreen.storyboard */ = {
			isa = PBXVariantGroup;
			children = (
				F1F5E2B724161EEB008C2D93 /* Base */,
			);
			name = LaunchScreen.storyboard;
			sourceTree = "<group>";
		};
/* End PBXVariantGroup section */

/* Begin XCBuildConfiguration section */
		F1F5E2D224161EEB008C2D93 /* Debug */ = {
			isa = XCBuildConfiguration;
			buildSettings = {
				ALWAYS_SEARCH_USER_PATHS = NO;
				CLANG_ANALYZER_NONNULL = YES;
				CLANG_ANALYZER_NUMBER_OBJECT_CONVERSION = YES_AGGRESSIVE;
				CLANG_CXX_LANGUAGE_STANDARD = "gnu++14";
				CLANG_CXX_LIBRARY = "libc++";
				CLANG_ENABLE_MODULES = YES;
				CLANG_ENABLE_OBJC_ARC = YES;
				CLANG_ENABLE_OBJC_WEAK = YES;
				CLANG_WARN_BLOCK_CAPTURE_AUTORELEASING = YES;
				CLANG_WARN_BOOL_CONVERSION = YES;
				CLANG_WARN_COMMA = YES;
				CLANG_WARN_CONSTANT_CONVERSION = YES;
				CLANG_WARN_DEPRECATED_OBJC_IMPLEMENTATIONS = YES;
				CLANG_WARN_DIRECT_OBJC_ISA_USAGE = YES_ERROR;
				CLANG_WARN_DOCUMENTATION_COMMENTS = YES;
				CLANG_WARN_EMPTY_BODY = YES;
				CLANG_WARN_ENUM_CONVERSION = YES;
				CLANG_WARN_INFINITE_RECURSION = YES;
				CLANG_WARN_INT_CONVERSION = YES;
				CLANG_WARN_NON_LITERAL_NULL_CONVERSION = YES;
				CLANG_WARN_OBJC_IMPLICIT_RETAIN_SELF = YES;
				CLANG_WARN_OBJC_LITERAL_CONVERSION = YES;
				CLANG_WARN_OBJC_ROOT_CLASS = YES_ERROR;
				CLANG_WARN_RANGE_LOOP_ANALYSIS = YES;
				CLANG_WARN_STRICT_PROTOTYPES = YES;
				CLANG_WARN_SUSPICIOUS_MOVE = YES;
				CLANG_WARN_UNGUARDED_AVAILABILITY = YES_AGGRESSIVE;
				CLANG_WARN_UNREACHABLE_CODE = YES;
				CLANG_WARN__DUPLICATE_METHOD_MATCH = YES;
				COPY_PHASE_STRIP = NO;
				DEBUG_INFORMATION_FORMAT = dwarf;
				ENABLE_STRICT_OBJC_MSGSEND = YES;
				ENABLE_TESTABILITY = YES;
				GCC_C_LANGUAGE_STANDARD = gnu11;
				GCC_DYNAMIC_NO_PIC = NO;
				GCC_NO_COMMON_BLOCKS = YES;
				GCC_OPTIMIZATION_LEVEL = 0;
				GCC_PREPROCESSOR_DEFINITIONS = (
					"DEBUG=1",
					"$(inherited)",
				);
				GCC_WARN_64_TO_32_BIT_CONVERSION = YES;
				GCC_WARN_ABOUT_RETURN_TYPE = YES_ERROR;
				GCC_WARN_UNDECLARED_SELECTOR = YES;
				GCC_WARN_UNINITIALIZED_AUTOS = YES_AGGRESSIVE;
				GCC_WARN_UNUSED_FUNCTION = YES;
				GCC_WARN_UNUSED_VARIABLE = YES;
				IPHONEOS_DEPLOYMENT_TARGET = 13.2;
				MTL_ENABLE_DEBUG_INFO = INCLUDE_SOURCE;
				MTL_FAST_MATH = YES;
				ONLY_ACTIVE_ARCH = YES;
				SDKROOT = iphoneos;
			};
			name = Debug;
		};
		F1F5E2D324161EEB008C2D93 /* Release */ = {
			isa = XCBuildConfiguration;
			buildSettings = {
				ALWAYS_SEARCH_USER_PATHS = NO;
				CLANG_ANALYZER_NONNULL = YES;
				CLANG_ANALYZER_NUMBER_OBJECT_CONVERSION = YES_AGGRESSIVE;
				CLANG_CXX_LANGUAGE_STANDARD = "gnu++14";
				CLANG_CXX_LIBRARY = "libc++";
				CLANG_ENABLE_MODULES = YES;
				CLANG_ENABLE_OBJC_ARC = YES;
				CLANG_ENABLE_OBJC_WEAK = YES;
				CLANG_WARN_BLOCK_CAPTURE_AUTORELEASING = YES;
				CLANG_WARN_BOOL_CONVERSION = YES;
				CLANG_WARN_COMMA = YES;
				CLANG_WARN_CONSTANT_CONVERSION = YES;
				CLANG_WARN_DEPRECATED_OBJC_IMPLEMENTATIONS = YES;
				CLANG_WARN_DIRECT_OBJC_ISA_USAGE = YES_ERROR;
				CLANG_WARN_DOCUMENTATION_COMMENTS = YES;
				CLANG_WARN_EMPTY_BODY = YES;
				CLANG_WARN_ENUM_CONVERSION = YES;
				CLANG_WARN_INFINITE_RECURSION = YES;
				CLANG_WARN_INT_CONVERSION = YES;
				CLANG_WARN_NON_LITERAL_NULL_CONVERSION = YES;
				CLANG_WARN_OBJC_IMPLICIT_RETAIN_SELF = YES;
				CLANG_WARN_OBJC_LITERAL_CONVERSION = YES;
				CLANG_WARN_OBJC_ROOT_CLASS = YES_ERROR;
				CLANG_WARN_RANGE_LOOP_ANALYSIS = YES;
				CLANG_WARN_STRICT_PROTOTYPES = YES;
				CLANG_WARN_SUSPICIOUS_MOVE = YES;
				CLANG_WARN_UNGUARDED_AVAILABILITY = YES_AGGRESSIVE;
				CLANG_WARN_UNREACHABLE_CODE = YES;
				CLANG_WARN__DUPLICATE_METHOD_MATCH = YES;
				COPY_PHASE_STRIP = NO;
				DEBUG_INFORMATION_FORMAT = "dwarf-with-dsym";
				ENABLE_NS_ASSERTIONS = NO;
				ENABLE_STRICT_OBJC_MSGSEND = YES;
				GCC_C_LANGUAGE_STANDARD = gnu11;
				GCC_NO_COMMON_BLOCKS = YES;
				GCC_WARN_64_TO_32_BIT_CONVERSION = YES;
				GCC_WARN_ABOUT_RETURN_TYPE = YES_ERROR;
				GCC_WARN_UNDECLARED_SELECTOR = YES;
				GCC_WARN_UNINITIALIZED_AUTOS = YES_AGGRESSIVE;
				GCC_WARN_UNUSED_FUNCTION = YES;
				GCC_WARN_UNUSED_VARIABLE = YES;
				IPHONEOS_DEPLOYMENT_TARGET = 13.2;
				MTL_ENABLE_DEBUG_INFO = NO;
				MTL_FAST_MATH = YES;
				SDKROOT = iphoneos;
				VALIDATE_PRODUCT = YES;
			};
			name = Release;
		};
		F1F5E2D524161EEB008C2D93 /* Debug */ = {
			isa = XCBuildConfiguration;
			buildSettings = {
				ASSETCATALOG_COMPILER_APPICON_NAME = AppIcon;
				CODE_SIGN_STYLE = Automatic;
				INFOPLIST_FILE = MediaMagicDemoProject/Info.plist;
				LD_RUNPATH_SEARCH_PATHS = (
					"$(inherited)",
					"@executable_path/Frameworks",
				);
				PRODUCT_BUNDLE_IDENTIFIER = DP.MediaMagicDemoProject;
				PRODUCT_NAME = "$(TARGET_NAME)";
				TARGETED_DEVICE_FAMILY = "1,2";
			};
			name = Debug;
		};
		F1F5E2D624161EEB008C2D93 /* Release */ = {
			isa = XCBuildConfiguration;
			buildSettings = {
				ASSETCATALOG_COMPILER_APPICON_NAME = AppIcon;
				CODE_SIGN_STYLE = Automatic;
				INFOPLIST_FILE = MediaMagicDemoProject/Info.plist;
				LD_RUNPATH_SEARCH_PATHS = (
					"$(inherited)",
					"@executable_path/Frameworks",
				);
				PRODUCT_BUNDLE_IDENTIFIER = DP.MediaMagicDemoProject;
				PRODUCT_NAME = "$(TARGET_NAME)";
				TARGETED_DEVICE_FAMILY = "1,2";
			};
			name = Release;
		};
		F1F5E2D824161EEB008C2D93 /* Debug */ = {
			isa = XCBuildConfiguration;
			buildSettings = {
				BUNDLE_LOADER = "$(TEST_HOST)";
				CODE_SIGN_STYLE = Automatic;
				INFOPLIST_FILE = MediaMagicDemoProjectTests/Info.plist;
				IPHONEOS_DEPLOYMENT_TARGET = 13.2;
				LD_RUNPATH_SEARCH_PATHS = (
					"$(inherited)",
					"@executable_path/Frameworks",
					"@loader_path/Frameworks",
				);
				PRODUCT_BUNDLE_IDENTIFIER = DP.MediaMagicDemoProjectTests;
				PRODUCT_NAME = "$(TARGET_NAME)";
				TARGETED_DEVICE_FAMILY = "1,2";
				TEST_HOST = "$(BUILT_PRODUCTS_DIR)/MediaMagicDemoProject.app/MediaMagicDemoProject";
			};
			name = Debug;
		};
		F1F5E2D924161EEB008C2D93 /* Release */ = {
			isa = XCBuildConfiguration;
			buildSettings = {
				BUNDLE_LOADER = "$(TEST_HOST)";
				CODE_SIGN_STYLE = Automatic;
				INFOPLIST_FILE = MediaMagicDemoProjectTests/Info.plist;
				IPHONEOS_DEPLOYMENT_TARGET = 13.2;
				LD_RUNPATH_SEARCH_PATHS = (
					"$(inherited)",
					"@executable_path/Frameworks",
					"@loader_path/Frameworks",
				);
				PRODUCT_BUNDLE_IDENTIFIER = DP.MediaMagicDemoProjectTests;
				PRODUCT_NAME = "$(TARGET_NAME)";
				TARGETED_DEVICE_FAMILY = "1,2";
				TEST_HOST = "$(BUILT_PRODUCTS_DIR)/MediaMagicDemoProject.app/MediaMagicDemoProject";
			};
			name = Release;
		};
		F1F5E2DB24161EEB008C2D93 /* Debug */ = {
			isa = XCBuildConfiguration;
			buildSettings = {
				CODE_SIGN_STYLE = Automatic;
				INFOPLIST_FILE = MediaMagicDemoProjectUITests/Info.plist;
				LD_RUNPATH_SEARCH_PATHS = (
					"$(inherited)",
					"@executable_path/Frameworks",
					"@loader_path/Frameworks",
				);
				PRODUCT_BUNDLE_IDENTIFIER = DP.MediaMagicDemoProjectUITests;
				PRODUCT_NAME = "$(TARGET_NAME)";
				TARGETED_DEVICE_FAMILY = "1,2";
				TEST_TARGET_NAME = MediaMagicDemoProject;
			};
			name = Debug;
		};
		F1F5E2DC24161EEB008C2D93 /* Release */ = {
			isa = XCBuildConfiguration;
			buildSettings = {
				CODE_SIGN_STYLE = Automatic;
				INFOPLIST_FILE = MediaMagicDemoProjectUITests/Info.plist;
				LD_RUNPATH_SEARCH_PATHS = (
					"$(inherited)",
					"@executable_path/Frameworks",
					"@loader_path/Frameworks",
				);
				PRODUCT_BUNDLE_IDENTIFIER = DP.MediaMagicDemoProjectUITests;
				PRODUCT_NAME = "$(TARGET_NAME)";
				TARGETED_DEVICE_FAMILY = "1,2";
				TEST_TARGET_NAME = MediaMagicDemoProject;
			};
			name = Release;
		};
/* End XCBuildConfiguration section */

/* Begin XCConfigurationList section */
		F1F5E2A024161ED9008C2D93 /* Build configuration list for PBXProject "MediaMagicDemoProject" */ = {
			isa = XCConfigurationList;
			buildConfigurations = (
				F1F5E2D224161EEB008C2D93 /* Debug */,
				F1F5E2D324161EEB008C2D93 /* Release */,
			);
			defaultConfigurationIsVisible = 0;
			defaultConfigurationName = Release;
		};
		F1F5E2D424161EEB008C2D93 /* Build configuration list for PBXNativeTarget "MediaMagicDemoProject" */ = {
			isa = XCConfigurationList;
			buildConfigurations = (
				F1F5E2D524161EEB008C2D93 /* Debug */,
				F1F5E2D624161EEB008C2D93 /* Release */,
			);
			defaultConfigurationIsVisible = 0;
			defaultConfigurationName = Release;
		};
		F1F5E2D724161EEB008C2D93 /* Build configuration list for PBXNativeTarget "MediaMagicDemoProjectTests" */ = {
			isa = XCConfigurationList;
			buildConfigurations = (
				F1F5E2D824161EEB008C2D93 /* Debug */,
				F1F5E2D924161EEB008C2D93 /* Release */,
			);
			defaultConfigurationIsVisible = 0;
			defaultConfigurationName = Release;
		};
		F1F5E2DA24161EEB008C2D93 /* Build configuration list for PBXNativeTarget "MediaMagicDemoProjectUITests" */ = {
			isa = XCConfigurationList;
			buildConfigurations = (
				F1F5E2DB24161EEB008C2D93 /* Debug */,
				F1F5E2DC24161EEB008C2D93 /* Release */,
			);
			defaultConfigurationIsVisible = 0;
			defaultConfigurationName = Release;
		};
/* End XCConfigurationList section */
	};
	rootObject = F1F5E29D24161ED9008C2D93 /* Project object */;
}
